# This file is autogenerated, do not edit; changes may be undone by the next 'dep ensure'.


[[projects]]
  name = "github.com/davecgh/go-spew"
  packages = ["spew"]
  revision = "346938d642f2ec3594ed81d874461961cd0faa76"
  version = "v1.1.0"

[[projects]]
  name = "github.com/pkg/errors"
  packages = ["."]
  revision = "645ef00459ed84a119197bfb8d8205042c6df63d"
  version = "v0.8.0"

[[projects]]
  name = "github.com/pmezard/go-difflib"
  packages = ["difflib"]
  revision = "792786c7400a136282c1664665ae0a8db921c6c2"
  version = "v1.0.0"

[[projects]]
  name = "github.com/stretchr/testify"
  packages = ["assert"]
  revision = "b91bfb9ebec76498946beb6af7c0230c7cc7ba6c"
  version = "v1.2.0"

[[projects]]
  branch = "master"
  name = "golang.org/x/crypto"
  packages = ["blake2b","curve25519","nacl/box","nacl/secretbox","poly1305","salsa20/salsa"]
  revision = "59d91b2b73f3915403e419be7eb1ec08684bfc89"
  source = "github.com/xyziemba/gocrypto"

[solve-meta]
  analyzer-name = "dep"
  analyzer-version = 1
  inputs-digest = "3606fe07490bad582393d839f58f94e3632c968608f076aa72e8dd7b1f9f0cb2"
  solver-name = "gps-cdcl"
  solver-version = 1
